
Microsoft Visual Studio Solution File, Format Version 12.00
# Visual Studio Version 16
VisualStudioVersion = 16.0.31025.194
MinimumVisualStudioVersion = 10.0.40219.1
Project("{FAE04EC0-301F-11D3-BF4B-00C04F79EFBC}") = "GPS-tracker", "test\GPS-tracker.csproj", "{02121D91-521E-4569-BC62-32C2707CFA11}"
EndProject
Global
	GlobalSection(SolutionConfigurationPlatforms) = preSolution
		Debug|Any CPU = Debug|Any CPU
		Release|Any CPU = Release|Any CPU
	EndGlobalSection
	GlobalSection(ProjectConfigurationPlatforms) = postSolution
		{02121D91-521E-4569-BC62-32C2707CFA11}.Debug|Any CPU.ActiveCfg = Debug|Any CPU
		{02121D91-521E-4569-BC62-32C2707CFA11}.Debug|Any CPU.Build.0 = Debug|Any CPU
		{02121D91-521E-4569-BC62-32C2707CFA11}.Release|Any CPU.ActiveCfg = Release|Any CPU
		{02121D91-521E-4569-BC62-32C2707CFA11}.Release|Any CPU.Build.0 = Release|Any CPU
	EndGlobalSection
	GlobalSection(SolutionProperties) = preSolution
		HideSolutionNode = FALSE
	EndGlobalSection
	GlobalSection(ExtensibilityGlobals) = postSolution
		SolutionGuid = {51D64830-D693-48F1-AA0B-47B52CDE33A3}
	EndGlobalSection
EndGlobal
